
Microsoft Visual Studio Solution File, Format Version 12.00
# Visual Studio Version 17
VisualStudioVersion = 17.3.32922.545
MinimumVisualStudioVersion = 10.0.40219.1
Project("{FAE04EC0-301F-11D3-BF4B-00C04F79EFBC}") = "number in reverse mode 100 to 50 by for loop", "number in reverse mode 100 to 50 by for loop\number in reverse mode 100 to 50 by for loop.csproj", "{24C365FB-68BC-4014-BE99-AE1F8A80594A}"
EndProject
Global
	GlobalSection(SolutionConfigurationPlatforms) = preSolution
		Debug|Any CPU = Debug|Any CPU
		Release|Any CPU = Release|Any CPU
	EndGlobalSection
	GlobalSection(ProjectConfigurationPlatforms) = postSolution
		{24C365FB-68BC-4014-BE99-AE1F8A80594A}.Debug|Any CPU.ActiveCfg = Debug|Any CPU
		{24C365FB-68BC-4014-BE99-AE1F8A80594A}.Debug|Any CPU.Build.0 = Debug|Any CPU
		{24C365FB-68BC-4014-BE99-AE1F8A80594A}.Release|Any CPU.ActiveCfg = Release|Any CPU
		{24C365FB-68BC-4014-BE99-AE1F8A80594A}.Release|Any CPU.Build.0 = Release|Any CPU
	EndGlobalSection
	GlobalSection(SolutionProperties) = preSolution
		HideSolutionNode = FALSE
	EndGlobalSection
	GlobalSection(ExtensibilityGlobals) = postSolution
		SolutionGuid = {8164CA48-5836-489A-A4FD-53042B8830F7}
	EndGlobalSection
EndGlobal
